
Microsoft Visual Studio Solution File, Format Version 12.00
# Visual Studio 14
VisualStudioVersion = 14.0.25420.1
MinimumVisualStudioVersion = 10.0.40219.1
Project("{FAE04EC0-301F-11D3-BF4B-00C04F79EFBC}") = "Supreme", "FaceBookLinkedinPoster\Supreme.csproj", "{8BE64A06-6BB0-45B4-858C-A76CE0E9982D}"
EndProject
Project("{54435603-DBB4-11D2-8724-00A0C9A8B90C}") = "SetupSupreme", "SetupSupreme\SetupSupreme.vdproj", "{314CA90B-FD10-439B-A332-9F030358EF3A}"
EndProject
Global
	GlobalSection(SolutionConfigurationPlatforms) = preSolution
		Debug|Any CPU = Debug|Any CPU
		Release|Any CPU = Release|Any CPU
	EndGlobalSection
	GlobalSection(ProjectConfigurationPlatforms) = postSolution
		{8BE64A06-6BB0-45B4-858C-A76CE0E9982D}.Debug|Any CPU.ActiveCfg = Debug|Any CPU
		{8BE64A06-6BB0-45B4-858C-A76CE0E9982D}.Debug|Any CPU.Build.0 = Debug|Any CPU
		{8BE64A06-6BB0-45B4-858C-A76CE0E9982D}.Release|Any CPU.ActiveCfg = Release|Any CPU
		{8BE64A06-6BB0-45B4-858C-A76CE0E9982D}.Release|Any CPU.Build.0 = Release|Any CPU
		{314CA90B-FD10-439B-A332-9F030358EF3A}.Debug|Any CPU.ActiveCfg = Debug
		{314CA90B-FD10-439B-A332-9F030358EF3A}.Debug|Any CPU.Build.0 = Debug
		{314CA90B-FD10-439B-A332-9F030358EF3A}.Release|Any CPU.ActiveCfg = Release
	EndGlobalSection
	GlobalSection(SolutionProperties) = preSolution
		HideSolutionNode = FALSE
	EndGlobalSection
EndGlobal
